
Microsoft Visual Studio Solution File, Format Version 12.00
# Visual Studio Version 16
VisualStudioVersion = 16.0.32428.217
MinimumVisualStudioVersion = 10.0.40219.1
Project("{FAE04EC0-301F-11D3-BF4B-00C04F79EFBC}") = "DataverseInteractFunctions", "DataverseInteractFunctions\DataverseInteractFunctions.csproj", "{472CCBF9-6A44-4852-A077-324827BDD691}"
EndProject
Global
	GlobalSection(SolutionConfigurationPlatforms) = preSolution
		Debug|Any CPU = Debug|Any CPU
		Release|Any CPU = Release|Any CPU
	EndGlobalSection
	GlobalSection(ProjectConfigurationPlatforms) = postSolution
		{472CCBF9-6A44-4852-A077-324827BDD691}.Debug|Any CPU.ActiveCfg = Debug|Any CPU
		{472CCBF9-6A44-4852-A077-324827BDD691}.Debug|Any CPU.Build.0 = Debug|Any CPU
		{472CCBF9-6A44-4852-A077-324827BDD691}.Release|Any CPU.ActiveCfg = Release|Any CPU
		{472CCBF9-6A44-4852-A077-324827BDD691}.Release|Any CPU.Build.0 = Release|Any CPU
	EndGlobalSection
	GlobalSection(SolutionProperties) = preSolution
		HideSolutionNode = FALSE
	EndGlobalSection
	GlobalSection(ExtensibilityGlobals) = postSolution
		SolutionGuid = {361129EB-828F-4311-A131-2178EDB24516}
	EndGlobalSection
EndGlobal
